
Microsoft Visual Studio Solution File, Format Version 12.00
# Visual Studio 15
VisualStudioVersion = 15.0.28010.0
MinimumVisualStudioVersion = 10.0.40219.1
Project("{FAE04EC0-301F-11D3-BF4B-00C04F79EFBC}") = "ATM", "ATM\ATM.csproj", "{EDF71830-6948-4190-93E9-1170074E2565}"
EndProject
Project("{FAE04EC0-301F-11D3-BF4B-00C04F79EFBC}") = "ATM.Test", "ATM.Test\ATM.Test.csproj", "{62961786-E32B-4751-BFF0-537466D0EE29}"
EndProject
Global
	GlobalSection(SolutionConfigurationPlatforms) = preSolution
		Debug|Any CPU = Debug|Any CPU
		Release|Any CPU = Release|Any CPU
	EndGlobalSection
	GlobalSection(ProjectConfigurationPlatforms) = postSolution
		{EDF71830-6948-4190-93E9-1170074E2565}.Debug|Any CPU.ActiveCfg = Debug|Any CPU
		{EDF71830-6948-4190-93E9-1170074E2565}.Debug|Any CPU.Build.0 = Debug|Any CPU
		{EDF71830-6948-4190-93E9-1170074E2565}.Release|Any CPU.ActiveCfg = Release|Any CPU
		{EDF71830-6948-4190-93E9-1170074E2565}.Release|Any CPU.Build.0 = Release|Any CPU
		{62961786-E32B-4751-BFF0-537466D0EE29}.Debug|Any CPU.ActiveCfg = Debug|Any CPU
		{62961786-E32B-4751-BFF0-537466D0EE29}.Debug|Any CPU.Build.0 = Debug|Any CPU
		{62961786-E32B-4751-BFF0-537466D0EE29}.Release|Any CPU.ActiveCfg = Release|Any CPU
		{62961786-E32B-4751-BFF0-537466D0EE29}.Release|Any CPU.Build.0 = Release|Any CPU
	EndGlobalSection
	GlobalSection(SolutionProperties) = preSolution
		HideSolutionNode = FALSE
	EndGlobalSection
	GlobalSection(ExtensibilityGlobals) = postSolution
		SolutionGuid = {AF67ABA7-B63C-4989-862F-174BC2E0DADA}
	EndGlobalSection
EndGlobal
